
Microsoft Visual Studio Solution File, Format Version 12.00
# Visual Studio Version 17
VisualStudioVersion = 17.0.31912.275
MinimumVisualStudioVersion = 10.0.40219.1
Project("{FAE04EC0-301F-11D3-BF4B-00C04F79EFBC}") = "PassportCard", "PassportCard\PassportCard.csproj", "{8812513B-E80D-42D5-B29D-085806A150DE}"
EndProject
Project("{FAE04EC0-301F-11D3-BF4B-00C04F79EFBC}") = "PassportCard.BL", "PassportCard.BL\PassportCard.BL.csproj", "{1EF95160-714D-4FC8-87BF-9B01DC6A5BBF}"
EndProject
Project("{FAE04EC0-301F-11D3-BF4B-00C04F79EFBC}") = "PassportCard.DAL", "PassportCard.DAL\PassportCard.DAL.csproj", "{AC043F55-CD1C-4879-8522-FA81E47D7A25}"
EndProject
Project("{FAE04EC0-301F-11D3-BF4B-00C04F79EFBC}") = "PassportCard.DTO", "PassportCard.DTO\PassportCard.DTO.csproj", "{EFFFB049-01A3-4B37-9319-306585FCACA2}"
EndProject
Global
	GlobalSection(SolutionConfigurationPlatforms) = preSolution
		Debug|Any CPU = Debug|Any CPU
		Release|Any CPU = Release|Any CPU
	EndGlobalSection
	GlobalSection(ProjectConfigurationPlatforms) = postSolution
		{8812513B-E80D-42D5-B29D-085806A150DE}.Debug|Any CPU.ActiveCfg = Debug|Any CPU
		{8812513B-E80D-42D5-B29D-085806A150DE}.Debug|Any CPU.Build.0 = Debug|Any CPU
		{8812513B-E80D-42D5-B29D-085806A150DE}.Release|Any CPU.ActiveCfg = Release|Any CPU
		{8812513B-E80D-42D5-B29D-085806A150DE}.Release|Any CPU.Build.0 = Release|Any CPU
		{1EF95160-714D-4FC8-87BF-9B01DC6A5BBF}.Debug|Any CPU.ActiveCfg = Debug|Any CPU
		{1EF95160-714D-4FC8-87BF-9B01DC6A5BBF}.Debug|Any CPU.Build.0 = Debug|Any CPU
		{1EF95160-714D-4FC8-87BF-9B01DC6A5BBF}.Release|Any CPU.ActiveCfg = Release|Any CPU
		{1EF95160-714D-4FC8-87BF-9B01DC6A5BBF}.Release|Any CPU.Build.0 = Release|Any CPU
		{AC043F55-CD1C-4879-8522-FA81E47D7A25}.Debug|Any CPU.ActiveCfg = Debug|Any CPU
		{AC043F55-CD1C-4879-8522-FA81E47D7A25}.Debug|Any CPU.Build.0 = Debug|Any CPU
		{AC043F55-CD1C-4879-8522-FA81E47D7A25}.Release|Any CPU.ActiveCfg = Release|Any CPU
		{AC043F55-CD1C-4879-8522-FA81E47D7A25}.Release|Any CPU.Build.0 = Release|Any CPU
		{EFFFB049-01A3-4B37-9319-306585FCACA2}.Debug|Any CPU.ActiveCfg = Debug|Any CPU
		{EFFFB049-01A3-4B37-9319-306585FCACA2}.Debug|Any CPU.Build.0 = Debug|Any CPU
		{EFFFB049-01A3-4B37-9319-306585FCACA2}.Release|Any CPU.ActiveCfg = Release|Any CPU
		{EFFFB049-01A3-4B37-9319-306585FCACA2}.Release|Any CPU.Build.0 = Release|Any CPU
	EndGlobalSection
	GlobalSection(SolutionProperties) = preSolution
		HideSolutionNode = FALSE
	EndGlobalSection
	GlobalSection(ExtensibilityGlobals) = postSolution
		SolutionGuid = {3CE070EF-AC57-4ED7-9CFB-51D134553540}
	EndGlobalSection
EndGlobal
